
Microsoft Visual Studio Solution File, Format Version 12.00
# Visual Studio Version 17
VisualStudioVersion = 17.2.32505.173
MinimumVisualStudioVersion = 10.0.40219.1
Project("{9A19103F-16F7-4668-BE54-9A1E7A4F7556}") = "NetflixMovie", "NetflixMovie\NetflixMovie.csproj", "{D6D34398-9C2B-420B-8C1B-D80E621BF922}"
EndProject
Project("{9A19103F-16F7-4668-BE54-9A1E7A4F7556}") = "Educatetional_Managerment", "Educatetional_Managerment\Educatetional_Managerment.csproj", "{5B7BA1BF-3C81-4EB9-A652-26C3663EEC47}"
EndProject
Project("{9A19103F-16F7-4668-BE54-9A1E7A4F7556}") = "Movie5", "Movie5\Movie5.csproj", "{8C1FC3E7-FA60-44BD-985F-578C37149339}"
EndProject
Project("{9A19103F-16F7-4668-BE54-9A1E7A4F7556}") = "PlantsShop", "Example\PlantsShop.csproj", "{E437B0F6-5820-411C-BF83-5431EF376DA6}"
EndProject
Project("{9A19103F-16F7-4668-BE54-9A1E7A4F7556}") = "Project_PlantShop", "Project_PlantShop\Project_PlantShop.csproj", "{144779F8-F543-433D-86E9-549B39FEA4D7}"
EndProject
Global
	GlobalSection(SolutionConfigurationPlatforms) = preSolution
		Debug|Any CPU = Debug|Any CPU
		Release|Any CPU = Release|Any CPU
	EndGlobalSection
	GlobalSection(ProjectConfigurationPlatforms) = postSolution
		{D6D34398-9C2B-420B-8C1B-D80E621BF922}.Debug|Any CPU.ActiveCfg = Debug|Any CPU
		{D6D34398-9C2B-420B-8C1B-D80E621BF922}.Debug|Any CPU.Build.0 = Debug|Any CPU
		{D6D34398-9C2B-420B-8C1B-D80E621BF922}.Release|Any CPU.ActiveCfg = Release|Any CPU
		{D6D34398-9C2B-420B-8C1B-D80E621BF922}.Release|Any CPU.Build.0 = Release|Any CPU
		{5B7BA1BF-3C81-4EB9-A652-26C3663EEC47}.Debug|Any CPU.ActiveCfg = Debug|Any CPU
		{5B7BA1BF-3C81-4EB9-A652-26C3663EEC47}.Debug|Any CPU.Build.0 = Debug|Any CPU
		{5B7BA1BF-3C81-4EB9-A652-26C3663EEC47}.Release|Any CPU.ActiveCfg = Release|Any CPU
		{5B7BA1BF-3C81-4EB9-A652-26C3663EEC47}.Release|Any CPU.Build.0 = Release|Any CPU
		{8C1FC3E7-FA60-44BD-985F-578C37149339}.Debug|Any CPU.ActiveCfg = Debug|Any CPU
		{8C1FC3E7-FA60-44BD-985F-578C37149339}.Debug|Any CPU.Build.0 = Debug|Any CPU
		{8C1FC3E7-FA60-44BD-985F-578C37149339}.Release|Any CPU.ActiveCfg = Release|Any CPU
		{8C1FC3E7-FA60-44BD-985F-578C37149339}.Release|Any CPU.Build.0 = Release|Any CPU
		{E437B0F6-5820-411C-BF83-5431EF376DA6}.Debug|Any CPU.ActiveCfg = Debug|Any CPU
		{E437B0F6-5820-411C-BF83-5431EF376DA6}.Debug|Any CPU.Build.0 = Debug|Any CPU
		{E437B0F6-5820-411C-BF83-5431EF376DA6}.Release|Any CPU.ActiveCfg = Release|Any CPU
		{E437B0F6-5820-411C-BF83-5431EF376DA6}.Release|Any CPU.Build.0 = Release|Any CPU
		{144779F8-F543-433D-86E9-549B39FEA4D7}.Debug|Any CPU.ActiveCfg = Debug|Any CPU
		{144779F8-F543-433D-86E9-549B39FEA4D7}.Debug|Any CPU.Build.0 = Debug|Any CPU
		{144779F8-F543-433D-86E9-549B39FEA4D7}.Release|Any CPU.ActiveCfg = Release|Any CPU
		{144779F8-F543-433D-86E9-549B39FEA4D7}.Release|Any CPU.Build.0 = Release|Any CPU
	EndGlobalSection
	GlobalSection(SolutionProperties) = preSolution
		HideSolutionNode = FALSE
	EndGlobalSection
	GlobalSection(ExtensibilityGlobals) = postSolution
		SolutionGuid = {4FDC3D10-60B7-4E72-836E-B75FA409EA76}
	EndGlobalSection
EndGlobal
